
Microsoft Visual Studio Solution File, Format Version 12.00
# Visual Studio Version 16
VisualStudioVersion = 16.0.31313.79
MinimumVisualStudioVersion = 10.0.40219.1
Project("{FAE04EC0-301F-11D3-BF4B-00C04F79EFBC}") = "IERat", "IERat\IERat.csproj", "{A819F019-B155-4E38-8AA2-4E686C871334}"
EndProject
Project("{9A19103F-16F7-4668-BE54-9A1E7A4F7556}") = "IERatServer", "IERatServer\IERatServer.csproj", "{52461785-0155-447F-8600-9101F675A193}"
EndProject
Project("{FAE04EC0-301F-11D3-BF4B-00C04F79EFBC}") = "KeyLogModule", "KeyLogModule\KeyLogModule.csproj", "{536C356D-813A-43E1-A967-88B8117E5485}"
EndProject
Project("{2150E333-8FDC-42A3-9474-1A3956D46DE8}") = "Modules", "Modules", "{D5E187C1-C24C-4402-8767-06333F01D046}"
EndProject
Global
	GlobalSection(SolutionConfigurationPlatforms) = preSolution
		Debug|Any CPU = Debug|Any CPU
		Release|Any CPU = Release|Any CPU
	EndGlobalSection
	GlobalSection(ProjectConfigurationPlatforms) = postSolution
		{A819F019-B155-4E38-8AA2-4E686C871334}.Debug|Any CPU.ActiveCfg = Debug|Any CPU
		{A819F019-B155-4E38-8AA2-4E686C871334}.Debug|Any CPU.Build.0 = Debug|Any CPU
		{A819F019-B155-4E38-8AA2-4E686C871334}.Release|Any CPU.ActiveCfg = Release|Any CPU
		{A819F019-B155-4E38-8AA2-4E686C871334}.Release|Any CPU.Build.0 = Release|Any CPU
		{52461785-0155-447F-8600-9101F675A193}.Debug|Any CPU.ActiveCfg = Debug|Any CPU
		{52461785-0155-447F-8600-9101F675A193}.Debug|Any CPU.Build.0 = Debug|Any CPU
		{52461785-0155-447F-8600-9101F675A193}.Release|Any CPU.ActiveCfg = Release|Any CPU
		{52461785-0155-447F-8600-9101F675A193}.Release|Any CPU.Build.0 = Release|Any CPU
		{536C356D-813A-43E1-A967-88B8117E5485}.Debug|Any CPU.ActiveCfg = Debug|Any CPU
		{536C356D-813A-43E1-A967-88B8117E5485}.Debug|Any CPU.Build.0 = Debug|Any CPU
		{536C356D-813A-43E1-A967-88B8117E5485}.Release|Any CPU.ActiveCfg = Release|Any CPU
		{536C356D-813A-43E1-A967-88B8117E5485}.Release|Any CPU.Build.0 = Release|Any CPU
	EndGlobalSection
	GlobalSection(SolutionProperties) = preSolution
		HideSolutionNode = FALSE
	EndGlobalSection
	GlobalSection(NestedProjects) = preSolution
		{536C356D-813A-43E1-A967-88B8117E5485} = {D5E187C1-C24C-4402-8767-06333F01D046}
	EndGlobalSection
	GlobalSection(ExtensibilityGlobals) = postSolution
		SolutionGuid = {80159C24-DC3A-44B5-B5DA-661506F50DA9}
	EndGlobalSection
EndGlobal
